// !$*UTF8*$!
{
	archiveVersion = 1;
	classes = {
	};
	objectVersion = 56;
	objects = {

/* Begin PBXBuildFile section */
		2498595E2C3F74A900171CB7 /* AppDelegate.swift in Sources */ = {isa = PBXBuildFile; fileRef = 2498595D2C3F74A900171CB7 /* AppDelegate.swift */; };
		249859602C3F74A900171CB7 /* SceneDelegate.swift in Sources */ = {isa = PBXBuildFile; fileRef = 2498595F2C3F74A900171CB7 /* SceneDelegate.swift */; };
		249859622C3F74A900171CB7 /* ViewController.swift in Sources */ = {isa = PBXBuildFile; fileRef = 249859612C3F74A900171CB7 /* ViewController.swift */; };
		249859652C3F74A900171CB7 /* Main.storyboard in Resources */ = {isa = PBXBuildFile; fileRef = 249859632C3F74A900171CB7 /* Main.storyboard */; };
		249859672C3F74AB00171CB7 /* Assets.xcassets in Resources */ = {isa = PBXBuildFile; fileRef = 249859662C3F74AB00171CB7 /* Assets.xcassets */; };
		2498596A2C3F74AB00171CB7 /* LaunchScreen.storyboard in Resources */ = {isa = PBXBuildFile; fileRef = 249859682C3F74AB00171CB7 /* LaunchScreen.storyboard */; };
		249859752C3F74AB00171CB7 /* TCA_SampleArchitectureTests.swift in Sources */ = {isa = PBXBuildFile; fileRef = 249859742C3F74AB00171CB7 /* TCA_SampleArchitectureTests.swift */; };
		2498597F2C3F74AB00171CB7 /* TCA_SampleArchitectureUITests.swift in Sources */ = {isa = PBXBuildFile; fileRef = 2498597E2C3F74AB00171CB7 /* TCA_SampleArchitectureUITests.swift */; };
		249859812C3F74AB00171CB7 /* TCA_SampleArchitectureUITestsLaunchTests.swift in Sources */ = {isa = PBXBuildFile; fileRef = 249859802C3F74AB00171CB7 /* TCA_SampleArchitectureUITestsLaunchTests.swift */; };
/* End PBXBuildFile section */

/* Begin PBXContainerItemProxy section */
		249859712C3F74AB00171CB7 /* PBXContainerItemProxy */ = {
			isa = PBXContainerItemProxy;
			containerPortal = 249859522C3F74A900171CB7 /* Project object */;
			proxyType = 1;
			remoteGlobalIDString = 249859592C3F74A900171CB7;
			remoteInfo = "TCA-SampleArchitecture";
		};
		2498597B2C3F74AB00171CB7 /* PBXContainerItemProxy */ = {
			isa = PBXContainerItemProxy;
			containerPortal = 249859522C3F74A900171CB7 /* Project object */;
			proxyType = 1;
			remoteGlobalIDString = 249859592C3F74A900171CB7;
			remoteInfo = "TCA-SampleArchitecture";
		};
/* End PBXContainerItemProxy section */

/* Begin PBXFileReference section */
		2498595A2C3F74A900171CB7 /* TCA-SampleArchitecture.app */ = {isa = PBXFileReference; explicitFileType = wrapper.application; includeInIndex = 0; path = "TCA-SampleArchitecture.app"; sourceTree = BUILT_PRODUCTS_DIR; };
		2498595D2C3F74A900171CB7 /* AppDelegate.swift */ = {isa = PBXFileReference; lastKnownFileType = sourcecode.swift; path = AppDelegate.swift; sourceTree = "<group>"; };
		2498595F2C3F74A900171CB7 /* SceneDelegate.swift */ = {isa = PBXFileReference; lastKnownFileType = sourcecode.swift; path = SceneDelegate.swift; sourceTree = "<group>"; };
		249859612C3F74A900171CB7 /* ViewController.swift */ = {isa = PBXFileReference; lastKnownFileType = sourcecode.swift; path = ViewController.swift; sourceTree = "<group>"; };
		249859642C3F74A900171CB7 /* Base */ = {isa = PBXFileReference; lastKnownFileType = file.storyboard; name = Base; path = Base.lproj/Main.storyboard; sourceTree = "<group>"; };
		249859662C3F74AB00171CB7 /* Assets.xcassets */ = {isa = PBXFileReference; lastKnownFileType = folder.assetcatalog; path = Assets.xcassets; sourceTree = "<group>"; };
		249859692C3F74AB00171CB7 /* Base */ = {isa = PBXFileReference; lastKnownFileType = file.storyboard; name = Base; path = Base.lproj/LaunchScreen.storyboard; sourceTree = "<group>"; };
		2498596B2C3F74AB00171CB7 /* Info.plist */ = {isa = PBXFileReference; lastKnownFileType = text.plist.xml; path = Info.plist; sourceTree = "<group>"; };
		249859702C3F74AB00171CB7 /* TCA-SampleArchitectureTests.xctest */ = {isa = PBXFileReference; explicitFileType = wrapper.cfbundle; includeInIndex = 0; path = "TCA-SampleArchitectureTests.xctest"; sourceTree = BUILT_PRODUCTS_DIR; };
		249859742C3F74AB00171CB7 /* TCA_SampleArchitectureTests.swift */ = {isa = PBXFileReference; lastKnownFileType = sourcecode.swift; path = TCA_SampleArchitectureTests.swift; sourceTree = "<group>"; };
		2498597A2C3F74AB00171CB7 /* TCA-SampleArchitectureUITests.xctest */ = {isa = PBXFileReference; explicitFileType = wrapper.cfbundle; includeInIndex = 0; path = "TCA-SampleArchitectureUITests.xctest"; sourceTree = BUILT_PRODUCTS_DIR; };
		2498597E2C3F74AB00171CB7 /* TCA_SampleArchitectureUITests.swift */ = {isa = PBXFileReference; lastKnownFileType = sourcecode.swift; path = TCA_SampleArchitectureUITests.swift; sourceTree = "<group>"; };
		249859802C3F74AB00171CB7 /* TCA_SampleArchitectureUITestsLaunchTests.swift */ = {isa = PBXFileReference; lastKnownFileType = sourcecode.swift; path = TCA_SampleArchitectureUITestsLaunchTests.swift; sourceTree = "<group>"; };
/* End PBXFileReference section */

/* Begin PBXFrameworksBuildPhase section */
		249859572C3F74A900171CB7 /* Frameworks */ = {
			isa = PBXFrameworksBuildPhase;
			buildActionMask = 2147483647;
			files = (
			);
			runOnlyForDeploymentPostprocessing = 0;
		};
		2498596D2C3F74AB00171CB7 /* Frameworks */ = {
			isa = PBXFrameworksBuildPhase;
			buildActionMask = 2147483647;
			files = (
			);
			runOnlyForDeploymentPostprocessing = 0;
		};
		249859772C3F74AB00171CB7 /* Frameworks */ = {
			isa = PBXFrameworksBuildPhase;
			buildActionMask = 2147483647;
			files = (
			);
			runOnlyForDeploymentPostprocessing = 0;
		};
/* End PBXFrameworksBuildPhase section */

/* Begin PBXGroup section */
		249859512C3F74A900171CB7 = {
			isa = PBXGroup;
			children = (
				2498595C2C3F74A900171CB7 /* TCA-SampleArchitecture */,
				249859732C3F74AB00171CB7 /* TCA-SampleArchitectureTests */,
				2498597D2C3F74AB00171CB7 /* TCA-SampleArchitectureUITests */,
				2498595B2C3F74A900171CB7 /* Products */,
			);
			sourceTree = "<group>";
		};
		2498595B2C3F74A900171CB7 /* Products */ = {
			isa = PBXGroup;
			children = (
				2498595A2C3F74A900171CB7 /* TCA-SampleArchitecture.app */,
				249859702C3F74AB00171CB7 /* TCA-SampleArchitectureTests.xctest */,
				2498597A2C3F74AB00171CB7 /* TCA-SampleArchitectureUITests.xctest */,
			);
			name = Products;
			sourceTree = "<group>";
		};
		2498595C2C3F74A900171CB7 /* TCA-SampleArchitecture */ = {
			isa = PBXGroup;
			children = (
				2498595D2C3F74A900171CB7 /* AppDelegate.swift */,
				2498595F2C3F74A900171CB7 /* SceneDelegate.swift */,
				249859612C3F74A900171CB7 /* ViewController.swift */,
				249859632C3F74A900171CB7 /* Main.storyboard */,
				249859662C3F74AB00171CB7 /* Assets.xcassets */,
				249859682C3F74AB00171CB7 /* LaunchScreen.storyboard */,
				2498596B2C3F74AB00171CB7 /* Info.plist */,
			);
			path = "TCA-SampleArchitecture";
			sourceTree = "<group>";
		};
		249859732C3F74AB00171CB7 /* TCA-SampleArchitectureTests */ = {
			isa = PBXGroup;
			children = (
				249859742C3F74AB00171CB7 /* TCA_SampleArchitectureTests.swift */,
			);
			path = "TCA-SampleArchitectureTests";
			sourceTree = "<group>";
		};
		2498597D2C3F74AB00171CB7 /* TCA-SampleArchitectureUITests */ = {
			isa = PBXGroup;
			children = (
				2498597E2C3F74AB00171CB7 /* TCA_SampleArchitectureUITests.swift */,
				249859802C3F74AB00171CB7 /* TCA_SampleArchitectureUITestsLaunchTests.swift */,
			);
			path = "TCA-SampleArchitectureUITests";
			sourceTree = "<group>";
		};
/* End PBXGroup section */

/* Begin PBXNativeTarget section */
		249859592C3F74A900171CB7 /* TCA-SampleArchitecture */ = {
			isa = PBXNativeTarget;
			buildConfigurationList = 249859842C3F74AB00171CB7 /* Build configuration list for PBXNativeTarget "TCA-SampleArchitecture" */;
			buildPhases = (
				249859562C3F74A900171CB7 /* Sources */,
				249859572C3F74A900171CB7 /* Frameworks */,
				249859582C3F74A900171CB7 /* Resources */,
			);
			buildRules = (
			);
			dependencies = (
			);
			name = "TCA-SampleArchitecture";
			productName = "TCA-SampleArchitecture";
			productReference = 2498595A2C3F74A900171CB7 /* TCA-SampleArchitecture.app */;
			productType = "com.apple.product-type.application";
		};
		2498596F2C3F74AB00171CB7 /* TCA-SampleArchitectureTests */ = {
			isa = PBXNativeTarget;
			buildConfigurationList = 249859872C3F74AB00171CB7 /* Build configuration list for PBXNativeTarget "TCA-SampleArchitectureTests" */;
			buildPhases = (
				2498596C2C3F74AB00171CB7 /* Sources */,
				2498596D2C3F74AB00171CB7 /* Frameworks */,
				2498596E2C3F74AB00171CB7 /* Resources */,
			);
			buildRules = (
			);
			dependencies = (
				249859722C3F74AB00171CB7 /* PBXTargetDependency */,
			);
			name = "TCA-SampleArchitectureTests";
			productName = "TCA-SampleArchitectureTests";
			productReference = 249859702C3F74AB00171CB7 /* TCA-SampleArchitectureTests.xctest */;
			productType = "com.apple.product-type.bundle.unit-test";
		};
		249859792C3F74AB00171CB7 /* TCA-SampleArchitectureUITests */ = {
			isa = PBXNativeTarget;
			buildConfigurationList = 2498598A2C3F74AB00171CB7 /* Build configuration list for PBXNativeTarget "TCA-SampleArchitectureUITests" */;
			buildPhases = (
				249859762C3F74AB00171CB7 /* Sources */,
				249859772C3F74AB00171CB7 /* Frameworks */,
				249859782C3F74AB00171CB7 /* Resources */,
			);
			buildRules = (
			);
			dependencies = (
				2498597C2C3F74AB00171CB7 /* PBXTargetDependency */,
			);
			name = "TCA-SampleArchitectureUITests";
			productName = "TCA-SampleArchitectureUITests";
			productReference = 2498597A2C3F74AB00171CB7 /* TCA-SampleArchitectureUITests.xctest */;
			productType = "com.apple.product-type.bundle.ui-testing";
		};
/* End PBXNativeTarget section */

/* Begin PBXProject section */
		249859522C3F74A900171CB7 /* Project object */ = {
			isa = PBXProject;
			attributes = {
				BuildIndependentTargetsInParallel = 1;
				LastSwiftUpdateCheck = 1500;
				LastUpgradeCheck = 1500;
				TargetAttributes = {
					249859592C3F74A900171CB7 = {
						CreatedOnToolsVersion = 15.0;
					};
					2498596F2C3F74AB00171CB7 = {
						CreatedOnToolsVersion = 15.0;
						TestTargetID = 249859592C3F74A900171CB7;
					};
					249859792C3F74AB00171CB7 = {
						CreatedOnToolsVersion = 15.0;
						TestTargetID = 249859592C3F74A900171CB7;
					};
				};
			};
			buildConfigurationList = 249859552C3F74A900171CB7 /* Build configuration list for PBXProject "TCA-SampleArchitecture" */;
			compatibilityVersion = "Xcode 14.0";
			developmentRegion = en;
			hasScannedForEncodings = 0;
			knownRegions = (
				en,
				Base,
			);
			mainGroup = 249859512C3F74A900171CB7;
			productRefGroup = 2498595B2C3F74A900171CB7 /* Products */;
			projectDirPath = "";
			projectRoot = "";
			targets = (
				249859592C3F74A900171CB7 /* TCA-SampleArchitecture */,
				2498596F2C3F74AB00171CB7 /* TCA-SampleArchitectureTests */,
				249859792C3F74AB00171CB7 /* TCA-SampleArchitectureUITests */,
			);
		};
/* End PBXProject section */

/* Begin PBXResourcesBuildPhase section */
		249859582C3F74A900171CB7 /* Resources */ = {
			isa = PBXResourcesBuildPhase;
			buildActionMask = 2147483647;
			files = (
				2498596A2C3F74AB00171CB7 /* LaunchScreen.storyboard in Resources */,
				249859672C3F74AB00171CB7 /* Assets.xcassets in Resources */,
				249859652C3F74A900171CB7 /* Main.storyboard in Resources */,
			);
			runOnlyForDeploymentPostprocessing = 0;
		};
		2498596E2C3F74AB00171CB7 /* Resources */ = {
			isa = PBXResourcesBuildPhase;
			buildActionMask = 2147483647;
			files = (
			);
			runOnlyForDeploymentPostprocessing = 0;
		};
		249859782C3F74AB00171CB7 /* Resources */ = {
			isa = PBXResourcesBuildPhase;
			buildActionMask = 2147483647;
			files = (
			);
			runOnlyForDeploymentPostprocessing = 0;
		};
/* End PBXResourcesBuildPhase section */

/* Begin PBXSourcesBuildPhase section */
		249859562C3F74A900171CB7 /* Sources */ = {
			isa = PBXSourcesBuildPhase;
			buildActionMask = 2147483647;
			files = (
				249859622C3F74A900171CB7 /* ViewController.swift in Sources */,
				2498595E2C3F74A900171CB7 /* AppDelegate.swift in Sources */,
				249859602C3F74A900171CB7 /* SceneDelegate.swift in Sources */,
			);
			runOnlyForDeploymentPostprocessing = 0;
		};
		2498596C2C3F74AB00171CB7 /* Sources */ = {
			isa = PBXSourcesBuildPhase;
			buildActionMask = 2147483647;
			files = (
				249859752C3F74AB00171CB7 /* TCA_SampleArchitectureTests.swift in Sources */,
			);
			runOnlyForDeploymentPostprocessing = 0;
		};
		249859762C3F74AB00171CB7 /* Sources */ = {
			isa = PBXSourcesBuildPhase;
			buildActionMask = 2147483647;
			files = (
				249859812C3F74AB00171CB7 /* TCA_SampleArchitectureUITestsLaunchTests.swift in Sources */,
				2498597F2C3F74AB00171CB7 /* TCA_SampleArchitectureUITests.swift in Sources */,
			);
			runOnlyForDeploymentPostprocessing = 0;
		};
/* End PBXSourcesBuildPhase section */

/* Begin PBXTargetDependency section */
		249859722C3F74AB00171CB7 /* PBXTargetDependency */ = {
			isa = PBXTargetDependency;
			target = 249859592C3F74A900171CB7 /* TCA-SampleArchitecture */;
			targetProxy = 249859712C3F74AB00171CB7 /* PBXContainerItemProxy */;
		};
		2498597C2C3F74AB00171CB7 /* PBXTargetDependency */ = {
			isa = PBXTargetDependency;
			target = 249859592C3F74A900171CB7 /* TCA-SampleArchitecture */;
			targetProxy = 2498597B2C3F74AB00171CB7 /* PBXContainerItemProxy */;
		};
/* End PBXTargetDependency section */

/* Begin PBXVariantGroup section */
		249859632C3F74A900171CB7 /* Main.storyboard */ = {
			isa = PBXVariantGroup;
			children = (
				249859642C3F74A900171CB7 /* Base */,
			);
			name = Main.storyboard;
			sourceTree = "<group>";
		};
		249859682C3F74AB00171CB7 /* LaunchScreen.storyboard */ = {
			isa = PBXVariantGroup;
			children = (
				249859692C3F74AB00171CB7 /* Base */,
			);
			name = LaunchScreen.storyboard;
			sourceTree = "<group>";
		};
/* End PBXVariantGroup section */

/* Begin XCBuildConfiguration section */
		249859822C3F74AB00171CB7 /* Debug */ = {
			isa = XCBuildConfiguration;
			buildSettings = {
				ALWAYS_SEARCH_USER_PATHS = NO;
				ASSETCATALOG_COMPILER_GENERATE_SWIFT_ASSET_SYMBOL_EXTENSIONS = YES;
				CLANG_ANALYZER_NONNULL = YES;
				CLANG_ANALYZER_NUMBER_OBJECT_CONVERSION = YES_AGGRESSIVE;
				CLANG_CXX_LANGUAGE_STANDARD = "gnu++20";
				CLANG_ENABLE_MODULES = YES;
				CLANG_ENABLE_OBJC_ARC = YES;
				CLANG_ENABLE_OBJC_WEAK = YES;
				CLANG_WARN_BLOCK_CAPTURE_AUTORELEASING = YES;
				CLANG_WARN_BOOL_CONVERSION = YES;
				CLANG_WARN_COMMA = YES;
				CLANG_WARN_CONSTANT_CONVERSION = YES;
				CLANG_WARN_DEPRECATED_OBJC_IMPLEMENTATIONS = YES;
				CLANG_WARN_DIRECT_OBJC_ISA_USAGE = YES_ERROR;
				CLANG_WARN_DOCUMENTATION_COMMENTS = YES;
				CLANG_WARN_EMPTY_BODY = YES;
				CLANG_WARN_ENUM_CONVERSION = YES;
				CLANG_WARN_INFINITE_RECURSION = YES;
				CLANG_WARN_INT_CONVERSION = YES;
				CLANG_WARN_NON_LITERAL_NULL_CONVERSION = YES;
				CLANG_WARN_OBJC_IMPLICIT_RETAIN_SELF = YES;
				CLANG_WARN_OBJC_LITERAL_CONVERSION = YES;
				CLANG_WARN_OBJC_ROOT_CLASS = YES_ERROR;
				CLANG_WARN_QUOTED_INCLUDE_IN_FRAMEWORK_HEADER = YES;
				CLANG_WARN_RANGE_LOOP_ANALYSIS = YES;
				CLANG_WARN_STRICT_PROTOTYPES = YES;
				CLANG_WARN_SUSPICIOUS_MOVE = YES;
				CLANG_WARN_UNGUARDED_AVAILABILITY = YES_AGGRESSIVE;
				CLANG_WARN_UNREACHABLE_CODE = YES;
				CLANG_WARN__DUPLICATE_METHOD_MATCH = YES;
				COPY_PHASE_STRIP = NO;
				DEBUG_INFORMATION_FORMAT = dwarf;
				ENABLE_STRICT_OBJC_MSGSEND = YES;
				ENABLE_TESTABILITY = YES;
				ENABLE_USER_SCRIPT_SANDBOXING = YES;
				GCC_C_LANGUAGE_STANDARD = gnu17;
				GCC_DYNAMIC_NO_PIC = NO;
				GCC_NO_COMMON_BLOCKS = YES;
				GCC_OPTIMIZATION_LEVEL = 0;
				GCC_PREPROCESSOR_DEFINITIONS = (
					"DEBUG=1",
					"$(inherited)",
				);
				GCC_WARN_64_TO_32_BIT_CONVERSION = YES;
				GCC_WARN_ABOUT_RETURN_TYPE = YES_ERROR;
				GCC_WARN_UNDECLARED_SELECTOR = YES;
				GCC_WARN_UNINITIALIZED_AUTOS = YES_AGGRESSIVE;
				GCC_WARN_UNUSED_FUNCTION = YES;
				GCC_WARN_UNUSED_VARIABLE = YES;
				IPHONEOS_DEPLOYMENT_TARGET = 17.0;
				LOCALIZATION_PREFERS_STRING_CATALOGS = YES;
				MTL_ENABLE_DEBUG_INFO = INCLUDE_SOURCE;
				MTL_FAST_MATH = YES;
				ONLY_ACTIVE_ARCH = YES;
				SDKROOT = iphoneos;
				SWIFT_ACTIVE_COMPILATION_CONDITIONS = "DEBUG $(inherited)";
				SWIFT_OPTIMIZATION_LEVEL = "-Onone";
			};
			name = Debug;
		};
		249859832C3F74AB00171CB7 /* Release */ = {
			isa = XCBuildConfiguration;
			buildSettings = {
				ALWAYS_SEARCH_USER_PATHS = NO;
				ASSETCATALOG_COMPILER_GENERATE_SWIFT_ASSET_SYMBOL_EXTENSIONS = YES;
				CLANG_ANALYZER_NONNULL = YES;
				CLANG_ANALYZER_NUMBER_OBJECT_CONVERSION = YES_AGGRESSIVE;
				CLANG_CXX_LANGUAGE_STANDARD = "gnu++20";
				CLANG_ENABLE_MODULES = YES;
				CLANG_ENABLE_OBJC_ARC = YES;
				CLANG_ENABLE_OBJC_WEAK = YES;
				CLANG_WARN_BLOCK_CAPTURE_AUTORELEASING = YES;
				CLANG_WARN_BOOL_CONVERSION = YES;
				CLANG_WARN_COMMA = YES;
				CLANG_WARN_CONSTANT_CONVERSION = YES;
				CLANG_WARN_DEPRECATED_OBJC_IMPLEMENTATIONS = YES;
				CLANG_WARN_DIRECT_OBJC_ISA_USAGE = YES_ERROR;
				CLANG_WARN_DOCUMENTATION_COMMENTS = YES;
				CLANG_WARN_EMPTY_BODY = YES;
				CLANG_WARN_ENUM_CONVERSION = YES;
				CLANG_WARN_INFINITE_RECURSION = YES;
				CLANG_WARN_INT_CONVERSION = YES;
				CLANG_WARN_NON_LITERAL_NULL_CONVERSION = YES;
				CLANG_WARN_OBJC_IMPLICIT_RETAIN_SELF = YES;
				CLANG_WARN_OBJC_LITERAL_CONVERSION = YES;
				CLANG_WARN_OBJC_ROOT_CLASS = YES_ERROR;
				CLANG_WARN_QUOTED_INCLUDE_IN_FRAMEWORK_HEADER = YES;
				CLANG_WARN_RANGE_LOOP_ANALYSIS = YES;
				CLANG_WARN_STRICT_PROTOTYPES = YES;
				CLANG_WARN_SUSPICIOUS_MOVE = YES;
				CLANG_WARN_UNGUARDED_AVAILABILITY = YES_AGGRESSIVE;
				CLANG_WARN_UNREACHABLE_CODE = YES;
				CLANG_WARN__DUPLICATE_METHOD_MATCH = YES;
				COPY_PHASE_STRIP = NO;
				DEBUG_INFORMATION_FORMAT = "dwarf-with-dsym";
				ENABLE_NS_ASSERTIONS = NO;
				ENABLE_STRICT_OBJC_MSGSEND = YES;
				ENABLE_USER_SCRIPT_SANDBOXING = YES;
				GCC_C_LANGUAGE_STANDARD = gnu17;
				GCC_NO_COMMON_BLOCKS = YES;
				GCC_WARN_64_TO_32_BIT_CONVERSION = YES;
				GCC_WARN_ABOUT_RETURN_TYPE = YES_ERROR;
				GCC_WARN_UNDECLARED_SELECTOR = YES;
				GCC_WARN_UNINITIALIZED_AUTOS = YES_AGGRESSIVE;
				GCC_WARN_UNUSED_FUNCTION = YES;
				GCC_WARN_UNUSED_VARIABLE = YES;
				IPHONEOS_DEPLOYMENT_TARGET = 17.0;
				LOCALIZATION_PREFERS_STRING_CATALOGS = YES;
				MTL_ENABLE_DEBUG_INFO = NO;
				MTL_FAST_MATH = YES;
				SDKROOT = iphoneos;
				SWIFT_COMPILATION_MODE = wholemodule;
				VALIDATE_PRODUCT = YES;
			};
			name = Release;
		};
		249859852C3F74AB00171CB7 /* Debug */ = {
			isa = XCBuildConfiguration;
			buildSettings = {
				ASSETCATALOG_COMPILER_APPICON_NAME = AppIcon;
				ASSETCATALOG_COMPILER_GLOBAL_ACCENT_COLOR_NAME = AccentColor;
				CODE_SIGN_STYLE = Automatic;
				CURRENT_PROJECT_VERSION = 1;
				GENERATE_INFOPLIST_FILE = YES;
				INFOPLIST_FILE = "TCA-SampleArchitecture/Info.plist";
				INFOPLIST_KEY_UIApplicationSupportsIndirectInputEvents = YES;
				INFOPLIST_KEY_UILaunchStoryboardName = LaunchScreen;
				INFOPLIST_KEY_UIMainStoryboardFile = Main;
				INFOPLIST_KEY_UISupportedInterfaceOrientations_iPad = "UIInterfaceOrientationPortrait UIInterfaceOrientationPortraitUpsideDown UIInterfaceOrientationLandscapeLeft UIInterfaceOrientationLandscapeRight";
				INFOPLIST_KEY_UISupportedInterfaceOrientations_iPhone = "UIInterfaceOrientationPortrait UIInterfaceOrientationLandscapeLeft UIInterfaceOrientationLandscapeRight";
				LD_RUNPATH_SEARCH_PATHS = (
					"$(inherited)",
					"@executable_path/Frameworks",
				);
				MARKETING_VERSION = 1.0;
				PRODUCT_BUNDLE_IDENTIFIER = "balajiramakrishnan.TCA-SampleArchitecture";
				PRODUCT_NAME = "$(TARGET_NAME)";
				SWIFT_EMIT_LOC_STRINGS = YES;
				SWIFT_VERSION = 5.0;
				TARGETED_DEVICE_FAMILY = "1,2";
			};
			name = Debug;
		};
		249859862C3F74AB00171CB7 /* Release */ = {
			isa = XCBuildConfiguration;
			buildSettings = {
				ASSETCATALOG_COMPILER_APPICON_NAME = AppIcon;
				ASSETCATALOG_COMPILER_GLOBAL_ACCENT_COLOR_NAME = AccentColor;
				CODE_SIGN_STYLE = Automatic;
				CURRENT_PROJECT_VERSION = 1;
				GENERATE_INFOPLIST_FILE = YES;
				INFOPLIST_FILE = "TCA-SampleArchitecture/Info.plist";
				INFOPLIST_KEY_UIApplicationSupportsIndirectInputEvents = YES;
				INFOPLIST_KEY_UILaunchStoryboardName = LaunchScreen;
				INFOPLIST_KEY_UIMainStoryboardFile = Main;
				INFOPLIST_KEY_UISupportedInterfaceOrientations_iPad = "UIInterfaceOrientationPortrait UIInterfaceOrientationPortraitUpsideDown UIInterfaceOrientationLandscapeLeft UIInterfaceOrientationLandscapeRight";
				INFOPLIST_KEY_UISupportedInterfaceOrientations_iPhone = "UIInterfaceOrientationPortrait UIInterfaceOrientationLandscapeLeft UIInterfaceOrientationLandscapeRight";
				LD_RUNPATH_SEARCH_PATHS = (
					"$(inherited)",
					"@executable_path/Frameworks",
				);
				MARKETING_VERSION = 1.0;
				PRODUCT_BUNDLE_IDENTIFIER = "balajiramakrishnan.TCA-SampleArchitecture";
				PRODUCT_NAME = "$(TARGET_NAME)";
				SWIFT_EMIT_LOC_STRINGS = YES;
				SWIFT_VERSION = 5.0;
				TARGETED_DEVICE_FAMILY = "1,2";
			};
			name = Release;
		};
		249859882C3F74AB00171CB7 /* Debug */ = {
			isa = XCBuildConfiguration;
			buildSettings = {
				ALWAYS_EMBED_SWIFT_STANDARD_LIBRARIES = YES;
				BUNDLE_LOADER = "$(TEST_HOST)";
				CODE_SIGN_STYLE = Automatic;
				CURRENT_PROJECT_VERSION = 1;
				GENERATE_INFOPLIST_FILE = YES;
				IPHONEOS_DEPLOYMENT_TARGET = 17.0;
				MARKETING_VERSION = 1.0;
				PRODUCT_BUNDLE_IDENTIFIER = "balajiramakrishnan.TCA-SampleArchitectureTests";
				PRODUCT_NAME = "$(TARGET_NAME)";
				SWIFT_EMIT_LOC_STRINGS = NO;
				SWIFT_VERSION = 5.0;
				TARGETED_DEVICE_FAMILY = "1,2";
				TEST_HOST = "$(BUILT_PRODUCTS_DIR)/TCA-SampleArchitecture.app/$(BUNDLE_EXECUTABLE_FOLDER_PATH)/TCA-SampleArchitecture";
			};
			name = Debug;
		};
		249859892C3F74AB00171CB7 /* Release */ = {
			isa = XCBuildConfiguration;
			buildSettings = {
				ALWAYS_EMBED_SWIFT_STANDARD_LIBRARIES = YES;
				BUNDLE_LOADER = "$(TEST_HOST)";
				CODE_SIGN_STYLE = Automatic;
				CURRENT_PROJECT_VERSION = 1;
				GENERATE_INFOPLIST_FILE = YES;
				IPHONEOS_DEPLOYMENT_TARGET = 17.0;
				MARKETING_VERSION = 1.0;
				PRODUCT_BUNDLE_IDENTIFIER = "balajiramakrishnan.TCA-SampleArchitectureTests";
				PRODUCT_NAME = "$(TARGET_NAME)";
				SWIFT_EMIT_LOC_STRINGS = NO;
				SWIFT_VERSION = 5.0;
				TARGETED_DEVICE_FAMILY = "1,2";
				TEST_HOST = "$(BUILT_PRODUCTS_DIR)/TCA-SampleArchitecture.app/$(BUNDLE_EXECUTABLE_FOLDER_PATH)/TCA-SampleArchitecture";
			};
			name = Release;
		};
		2498598B2C3F74AB00171CB7 /* Debug */ = {
			isa = XCBuildConfiguration;
			buildSettings = {
				ALWAYS_EMBED_SWIFT_STANDARD_LIBRARIES = YES;
				CODE_SIGN_STYLE = Automatic;
				CURRENT_PROJECT_VERSION = 1;
				GENERATE_INFOPLIST_FILE = YES;
				MARKETING_VERSION = 1.0;
				PRODUCT_BUNDLE_IDENTIFIER = "balajiramakrishnan.TCA-SampleArchitectureUITests";
				PRODUCT_NAME = "$(TARGET_NAME)";
				SWIFT_EMIT_LOC_STRINGS = NO;
				SWIFT_VERSION = 5.0;
				TARGETED_DEVICE_FAMILY = "1,2";
				TEST_TARGET_NAME = "TCA-SampleArchitecture";
			};
			name = Debug;
		};
		2498598C2C3F74AB00171CB7 /* Release */ = {
			isa = XCBuildConfiguration;
			buildSettings = {
				ALWAYS_EMBED_SWIFT_STANDARD_LIBRARIES = YES;
				CODE_SIGN_STYLE = Automatic;
				CURRENT_PROJECT_VERSION = 1;
				GENERATE_INFOPLIST_FILE = YES;
				MARKETING_VERSION = 1.0;
				PRODUCT_BUNDLE_IDENTIFIER = "balajiramakrishnan.TCA-SampleArchitectureUITests";
				PRODUCT_NAME = "$(TARGET_NAME)";
				SWIFT_EMIT_LOC_STRINGS = NO;
				SWIFT_VERSION = 5.0;
				TARGETED_DEVICE_FAMILY = "1,2";
				TEST_TARGET_NAME = "TCA-SampleArchitecture";
			};
			name = Release;
		};
/* End XCBuildConfiguration section */

/* Begin XCConfigurationList section */
		249859552C3F74A900171CB7 /* Build configuration list for PBXProject "TCA-SampleArchitecture" */ = {
			isa = XCConfigurationList;
			buildConfigurations = (
				249859822C3F74AB00171CB7 /* Debug */,
				249859832C3F74AB00171CB7 /* Release */,
			);
			defaultConfigurationIsVisible = 0;
			defaultConfigurationName = Release;
		};
		249859842C3F74AB00171CB7 /* Build configuration list for PBXNativeTarget "TCA-SampleArchitecture" */ = {
			isa = XCConfigurationList;
			buildConfigurations = (
				249859852C3F74AB00171CB7 /* Debug */,
				249859862C3F74AB00171CB7 /* Release */,
			);
			defaultConfigurationIsVisible = 0;
			defaultConfigurationName = Release;
		};
		249859872C3F74AB00171CB7 /* Build configuration list for PBXNativeTarget "TCA-SampleArchitectureTests" */ = {
			isa = XCConfigurationList;
			buildConfigurations = (
				249859882C3F74AB00171CB7 /* Debug */,
				249859892C3F74AB00171CB7 /* Release */,
			);
			defaultConfigurationIsVisible = 0;
			defaultConfigurationName = Release;
		};
		2498598A2C3F74AB00171CB7 /* Build configuration list for PBXNativeTarget "TCA-SampleArchitectureUITests" */ = {
			isa = XCConfigurationList;
			buildConfigurations = (
				2498598B2C3F74AB00171CB7 /* Debug */,
				2498598C2C3F74AB00171CB7 /* Release */,
			);
			defaultConfigurationIsVisible = 0;
			defaultConfigurationName = Release;
		};
/* End XCConfigurationList section */
	};
	rootObject = 249859522C3F74A900171CB7 /* Project object */;
}
